
Microsoft Visual Studio Solution File, Format Version 12.00
# Visual Studio Version 17
VisualStudioVersion = 17.7.34031.279
MinimumVisualStudioVersion = 10.0.40219.1
Project("{9A19103F-16F7-4668-BE54-9A1E7A4F7556}") = "pleasework", "pleasework.csproj", "{1B1CFE4A-3CD6-4BB7-8096-0CAA235BAD26}"
EndProject
Project("{9A19103F-16F7-4668-BE54-9A1E7A4F7556}") = "pleasework.Core", "..\pleasework.Core\pleasework.Core.csproj", "{9211CAA5-0DDB-48F1-9CB1-93D293362012}"
EndProject
Project("{9A19103F-16F7-4668-BE54-9A1E7A4F7556}") = "pleasework.Tests.MSTest", "..\pleasework.Tests.MSTest\pleasework.Tests.MSTest.csproj", "{6ED9CF37-716A-49C3-ABC1-321089B50CC8}"
EndProject
Global
	GlobalSection(SolutionConfigurationPlatforms) = preSolution
		Debug|Any CPU = Debug|Any CPU
		Debug|x64 = Debug|x64
		Debug|x86 = Debug|x86
		Release|Any CPU = Release|Any CPU
		Release|x64 = Release|x64
		Release|x86 = Release|x86
	EndGlobalSection
	GlobalSection(ProjectConfigurationPlatforms) = postSolution
		{1B1CFE4A-3CD6-4BB7-8096-0CAA235BAD26}.Debug|Any CPU.ActiveCfg = Debug|Any CPU
		{1B1CFE4A-3CD6-4BB7-8096-0CAA235BAD26}.Debug|Any CPU.Build.0 = Debug|Any CPU
		{1B1CFE4A-3CD6-4BB7-8096-0CAA235BAD26}.Debug|x64.ActiveCfg = Debug|Any CPU
		{1B1CFE4A-3CD6-4BB7-8096-0CAA235BAD26}.Debug|x64.Build.0 = Debug|Any CPU
		{1B1CFE4A-3CD6-4BB7-8096-0CAA235BAD26}.Debug|x86.ActiveCfg = Debug|Any CPU
		{1B1CFE4A-3CD6-4BB7-8096-0CAA235BAD26}.Debug|x86.Build.0 = Debug|Any CPU
		{1B1CFE4A-3CD6-4BB7-8096-0CAA235BAD26}.Release|Any CPU.ActiveCfg = Release|Any CPU
		{1B1CFE4A-3CD6-4BB7-8096-0CAA235BAD26}.Release|Any CPU.Build.0 = Release|Any CPU
		{1B1CFE4A-3CD6-4BB7-8096-0CAA235BAD26}.Release|x64.ActiveCfg = Release|Any CPU
		{1B1CFE4A-3CD6-4BB7-8096-0CAA235BAD26}.Release|x64.Build.0 = Release|Any CPU
		{1B1CFE4A-3CD6-4BB7-8096-0CAA235BAD26}.Release|x86.ActiveCfg = Release|Any CPU
		{1B1CFE4A-3CD6-4BB7-8096-0CAA235BAD26}.Release|x86.Build.0 = Release|Any CPU
		{9211CAA5-0DDB-48F1-9CB1-93D293362012}.Debug|Any CPU.ActiveCfg = Debug|Any CPU
		{9211CAA5-0DDB-48F1-9CB1-93D293362012}.Debug|Any CPU.Build.0 = Debug|Any CPU
		{9211CAA5-0DDB-48F1-9CB1-93D293362012}.Debug|x64.ActiveCfg = Debug|Any CPU
		{9211CAA5-0DDB-48F1-9CB1-93D293362012}.Debug|x64.Build.0 = Debug|Any CPU
		{9211CAA5-0DDB-48F1-9CB1-93D293362012}.Debug|x86.ActiveCfg = Debug|Any CPU
		{9211CAA5-0DDB-48F1-9CB1-93D293362012}.Debug|x86.Build.0 = Debug|Any CPU
		{9211CAA5-0DDB-48F1-9CB1-93D293362012}.Release|Any CPU.ActiveCfg = Release|Any CPU
		{9211CAA5-0DDB-48F1-9CB1-93D293362012}.Release|Any CPU.Build.0 = Release|Any CPU
		{9211CAA5-0DDB-48F1-9CB1-93D293362012}.Release|x64.ActiveCfg = Release|Any CPU
		{9211CAA5-0DDB-48F1-9CB1-93D293362012}.Release|x64.Build.0 = Release|Any CPU
		{9211CAA5-0DDB-48F1-9CB1-93D293362012}.Release|x86.ActiveCfg = Release|Any CPU
		{9211CAA5-0DDB-48F1-9CB1-93D293362012}.Release|x86.Build.0 = Release|Any CPU
		{6ED9CF37-716A-49C3-ABC1-321089B50CC8}.Debug|Any CPU.ActiveCfg = Debug|Any CPU
		{6ED9CF37-716A-49C3-ABC1-321089B50CC8}.Debug|Any CPU.Build.0 = Debug|Any CPU
		{6ED9CF37-716A-49C3-ABC1-321089B50CC8}.Debug|x64.ActiveCfg = Debug|x64
		{6ED9CF37-716A-49C3-ABC1-321089B50CC8}.Debug|x64.Build.0 = Debug|x64
		{6ED9CF37-716A-49C3-ABC1-321089B50CC8}.Debug|x86.ActiveCfg = Debug|x86
		{6ED9CF37-716A-49C3-ABC1-321089B50CC8}.Debug|x86.Build.0 = Debug|x86
		{6ED9CF37-716A-49C3-ABC1-321089B50CC8}.Release|Any CPU.ActiveCfg = Release|Any CPU
		{6ED9CF37-716A-49C3-ABC1-321089B50CC8}.Release|Any CPU.Build.0 = Release|Any CPU
		{6ED9CF37-716A-49C3-ABC1-321089B50CC8}.Release|x64.ActiveCfg = Release|x64
		{6ED9CF37-716A-49C3-ABC1-321089B50CC8}.Release|x64.Build.0 = Release|x64
		{6ED9CF37-716A-49C3-ABC1-321089B50CC8}.Release|x86.ActiveCfg = Release|x86
		{6ED9CF37-716A-49C3-ABC1-321089B50CC8}.Release|x86.Build.0 = Release|x86
	EndGlobalSection
	GlobalSection(SolutionProperties) = preSolution
		HideSolutionNode = FALSE
	EndGlobalSection
	GlobalSection(ExtensibilityGlobals) = postSolution
		SolutionGuid = {ABB24237-530A-41F3-B334-01C6039575C0}
	EndGlobalSection
EndGlobal
