
Microsoft Visual Studio Solution File, Format Version 12.00
# Visual Studio Version 17
VisualStudioVersion = 17.7.34031.279
MinimumVisualStudioVersion = 10.0.40219.1
Project("{9A19103F-16F7-4668-BE54-9A1E7A4F7556}") = "ContactLink", "ContactLink.csproj", "{B917A763-4664-4579-85D7-51FCDD403136}"
EndProject
Project("{9A19103F-16F7-4668-BE54-9A1E7A4F7556}") = "ContactLink.Core", "..\ContactLink.Core\ContactLink.Core.csproj", "{F7F599D9-69CD-446E-843E-14F55D9776AE}"
EndProject
Project("{9A19103F-16F7-4668-BE54-9A1E7A4F7556}") = "ContactLink.Tests.MSTest", "..\ContactLink.Tests.MSTest\ContactLink.Tests.MSTest.csproj", "{364A9EA0-D778-48D6-8F30-4E79AE3A3906}"
EndProject
Project("{FAE04EC0-301F-11D3-BF4B-00C04F79EFBC}") = "ContactLinkConsole", "..\ContactLinkConsole\ContactLinkConsole.csproj", "{BE0899E1-E073-4AA7-A619-4ED3C6EB85E9}"
EndProject
Project("{2150E333-8FDC-42A3-9474-1A3956D46DE8}") = "Solution Items", "Solution Items", "{1B0F478B-2A4D-462F-8D28-F06ACA90B9CF}"
EndProject
Project("{FAE04EC0-301F-11D3-BF4B-00C04F79EFBC}") = "ContactLinkDBAccess", "..\ContactLinkDBAccess\ContactLinkDBAccess.csproj", "{DECC709F-9DDC-4037-8242-B48928A90307}"
EndProject
Global
	GlobalSection(SolutionConfigurationPlatforms) = preSolution
		Debug|Any CPU = Debug|Any CPU
		Debug|x64 = Debug|x64
		Debug|x86 = Debug|x86
		Release|Any CPU = Release|Any CPU
		Release|x64 = Release|x64
		Release|x86 = Release|x86
	EndGlobalSection
	GlobalSection(ProjectConfigurationPlatforms) = postSolution
		{B917A763-4664-4579-85D7-51FCDD403136}.Debug|Any CPU.ActiveCfg = Debug|Any CPU
		{B917A763-4664-4579-85D7-51FCDD403136}.Debug|Any CPU.Build.0 = Debug|Any CPU
		{B917A763-4664-4579-85D7-51FCDD403136}.Debug|x64.ActiveCfg = Debug|Any CPU
		{B917A763-4664-4579-85D7-51FCDD403136}.Debug|x64.Build.0 = Debug|Any CPU
		{B917A763-4664-4579-85D7-51FCDD403136}.Debug|x86.ActiveCfg = Debug|Any CPU
		{B917A763-4664-4579-85D7-51FCDD403136}.Debug|x86.Build.0 = Debug|Any CPU
		{B917A763-4664-4579-85D7-51FCDD403136}.Release|Any CPU.ActiveCfg = Release|Any CPU
		{B917A763-4664-4579-85D7-51FCDD403136}.Release|Any CPU.Build.0 = Release|Any CPU
		{B917A763-4664-4579-85D7-51FCDD403136}.Release|x64.ActiveCfg = Release|Any CPU
		{B917A763-4664-4579-85D7-51FCDD403136}.Release|x64.Build.0 = Release|Any CPU
		{B917A763-4664-4579-85D7-51FCDD403136}.Release|x86.ActiveCfg = Release|Any CPU
		{B917A763-4664-4579-85D7-51FCDD403136}.Release|x86.Build.0 = Release|Any CPU
		{F7F599D9-69CD-446E-843E-14F55D9776AE}.Debug|Any CPU.ActiveCfg = Debug|Any CPU
		{F7F599D9-69CD-446E-843E-14F55D9776AE}.Debug|Any CPU.Build.0 = Debug|Any CPU
		{F7F599D9-69CD-446E-843E-14F55D9776AE}.Debug|x64.ActiveCfg = Debug|Any CPU
		{F7F599D9-69CD-446E-843E-14F55D9776AE}.Debug|x64.Build.0 = Debug|Any CPU
		{F7F599D9-69CD-446E-843E-14F55D9776AE}.Debug|x86.ActiveCfg = Debug|Any CPU
		{F7F599D9-69CD-446E-843E-14F55D9776AE}.Debug|x86.Build.0 = Debug|Any CPU
		{F7F599D9-69CD-446E-843E-14F55D9776AE}.Release|Any CPU.ActiveCfg = Release|Any CPU
		{F7F599D9-69CD-446E-843E-14F55D9776AE}.Release|Any CPU.Build.0 = Release|Any CPU
		{F7F599D9-69CD-446E-843E-14F55D9776AE}.Release|x64.ActiveCfg = Release|Any CPU
		{F7F599D9-69CD-446E-843E-14F55D9776AE}.Release|x64.Build.0 = Release|Any CPU
		{F7F599D9-69CD-446E-843E-14F55D9776AE}.Release|x86.ActiveCfg = Release|Any CPU
		{F7F599D9-69CD-446E-843E-14F55D9776AE}.Release|x86.Build.0 = Release|Any CPU
		{364A9EA0-D778-48D6-8F30-4E79AE3A3906}.Debug|Any CPU.ActiveCfg = Debug|Any CPU
		{364A9EA0-D778-48D6-8F30-4E79AE3A3906}.Debug|Any CPU.Build.0 = Debug|Any CPU
		{364A9EA0-D778-48D6-8F30-4E79AE3A3906}.Debug|x64.ActiveCfg = Debug|x64
		{364A9EA0-D778-48D6-8F30-4E79AE3A3906}.Debug|x64.Build.0 = Debug|x64
		{364A9EA0-D778-48D6-8F30-4E79AE3A3906}.Debug|x86.ActiveCfg = Debug|x86
		{364A9EA0-D778-48D6-8F30-4E79AE3A3906}.Debug|x86.Build.0 = Debug|x86
		{364A9EA0-D778-48D6-8F30-4E79AE3A3906}.Release|Any CPU.ActiveCfg = Release|Any CPU
		{364A9EA0-D778-48D6-8F30-4E79AE3A3906}.Release|Any CPU.Build.0 = Release|Any CPU
		{364A9EA0-D778-48D6-8F30-4E79AE3A3906}.Release|x64.ActiveCfg = Release|x64
		{364A9EA0-D778-48D6-8F30-4E79AE3A3906}.Release|x64.Build.0 = Release|x64
		{364A9EA0-D778-48D6-8F30-4E79AE3A3906}.Release|x86.ActiveCfg = Release|x86
		{364A9EA0-D778-48D6-8F30-4E79AE3A3906}.Release|x86.Build.0 = Release|x86
		{BE0899E1-E073-4AA7-A619-4ED3C6EB85E9}.Debug|Any CPU.ActiveCfg = Debug|Any CPU
		{BE0899E1-E073-4AA7-A619-4ED3C6EB85E9}.Debug|Any CPU.Build.0 = Debug|Any CPU
		{BE0899E1-E073-4AA7-A619-4ED3C6EB85E9}.Debug|x64.ActiveCfg = Debug|Any CPU
		{BE0899E1-E073-4AA7-A619-4ED3C6EB85E9}.Debug|x64.Build.0 = Debug|Any CPU
		{BE0899E1-E073-4AA7-A619-4ED3C6EB85E9}.Debug|x86.ActiveCfg = Debug|Any CPU
		{BE0899E1-E073-4AA7-A619-4ED3C6EB85E9}.Debug|x86.Build.0 = Debug|Any CPU
		{BE0899E1-E073-4AA7-A619-4ED3C6EB85E9}.Release|Any CPU.ActiveCfg = Release|Any CPU
		{BE0899E1-E073-4AA7-A619-4ED3C6EB85E9}.Release|Any CPU.Build.0 = Release|Any CPU
		{BE0899E1-E073-4AA7-A619-4ED3C6EB85E9}.Release|x64.ActiveCfg = Release|Any CPU
		{BE0899E1-E073-4AA7-A619-4ED3C6EB85E9}.Release|x64.Build.0 = Release|Any CPU
		{BE0899E1-E073-4AA7-A619-4ED3C6EB85E9}.Release|x86.ActiveCfg = Release|Any CPU
		{BE0899E1-E073-4AA7-A619-4ED3C6EB85E9}.Release|x86.Build.0 = Release|Any CPU
		{DECC709F-9DDC-4037-8242-B48928A90307}.Debug|Any CPU.ActiveCfg = Debug|Any CPU
		{DECC709F-9DDC-4037-8242-B48928A90307}.Debug|Any CPU.Build.0 = Debug|Any CPU
		{DECC709F-9DDC-4037-8242-B48928A90307}.Debug|x64.ActiveCfg = Debug|Any CPU
		{DECC709F-9DDC-4037-8242-B48928A90307}.Debug|x64.Build.0 = Debug|Any CPU
		{DECC709F-9DDC-4037-8242-B48928A90307}.Debug|x86.ActiveCfg = Debug|Any CPU
		{DECC709F-9DDC-4037-8242-B48928A90307}.Debug|x86.Build.0 = Debug|Any CPU
		{DECC709F-9DDC-4037-8242-B48928A90307}.Release|Any CPU.ActiveCfg = Release|Any CPU
		{DECC709F-9DDC-4037-8242-B48928A90307}.Release|Any CPU.Build.0 = Release|Any CPU
		{DECC709F-9DDC-4037-8242-B48928A90307}.Release|x64.ActiveCfg = Release|Any CPU
		{DECC709F-9DDC-4037-8242-B48928A90307}.Release|x64.Build.0 = Release|Any CPU
		{DECC709F-9DDC-4037-8242-B48928A90307}.Release|x86.ActiveCfg = Release|Any CPU
		{DECC709F-9DDC-4037-8242-B48928A90307}.Release|x86.Build.0 = Release|Any CPU
	EndGlobalSection
	GlobalSection(SolutionProperties) = preSolution
		HideSolutionNode = FALSE
	EndGlobalSection
	GlobalSection(ExtensibilityGlobals) = postSolution
		SolutionGuid = {1DCCDBAB-04B4-49C6-AE2D-B7AE1FE883CF}
	EndGlobalSection
EndGlobal
